
Microsoft Visual Studio Solution File, Format Version 12.00
# Visual Studio Version 16
VisualStudioVersion = 16.0.31624.102
MinimumVisualStudioVersion = 10.0.40219.1
Project("{9A19103F-16F7-4668-BE54-9A1E7A4F7556}") = "MonsterCardGame", "MonsterCardGame\MonsterCardGame.csproj", "{7C87E618-4067-4228-B3A9-06692A135102}"
EndProject
Project("{9A19103F-16F7-4668-BE54-9A1E7A4F7556}") = "HTTPServer", "HTTPServer\HTTPServer.csproj", "{C9013C1B-163D-4727-9BBB-193004D282A4}"
EndProject
Project("{FAE04EC0-301F-11D3-BF4B-00C04F79EFBC}") = "TestServer", "TestServer\TestServer.csproj", "{55342C4F-A24A-4191-8250-447A47D2BD2E}"
EndProject
Global
	GlobalSection(SolutionConfigurationPlatforms) = preSolution
		Debug|Any CPU = Debug|Any CPU
		Release|Any CPU = Release|Any CPU
	EndGlobalSection
	GlobalSection(ProjectConfigurationPlatforms) = postSolution
		{7C87E618-4067-4228-B3A9-06692A135102}.Debug|Any CPU.ActiveCfg = Debug|Any CPU
		{7C87E618-4067-4228-B3A9-06692A135102}.Debug|Any CPU.Build.0 = Debug|Any CPU
		{7C87E618-4067-4228-B3A9-06692A135102}.Release|Any CPU.ActiveCfg = Release|Any CPU
		{7C87E618-4067-4228-B3A9-06692A135102}.Release|Any CPU.Build.0 = Release|Any CPU
		{C9013C1B-163D-4727-9BBB-193004D282A4}.Debug|Any CPU.ActiveCfg = Debug|Any CPU
		{C9013C1B-163D-4727-9BBB-193004D282A4}.Debug|Any CPU.Build.0 = Debug|Any CPU
		{C9013C1B-163D-4727-9BBB-193004D282A4}.Release|Any CPU.ActiveCfg = Release|Any CPU
		{C9013C1B-163D-4727-9BBB-193004D282A4}.Release|Any CPU.Build.0 = Release|Any CPU
		{55342C4F-A24A-4191-8250-447A47D2BD2E}.Debug|Any CPU.ActiveCfg = Debug|Any CPU
		{55342C4F-A24A-4191-8250-447A47D2BD2E}.Debug|Any CPU.Build.0 = Debug|Any CPU
		{55342C4F-A24A-4191-8250-447A47D2BD2E}.Release|Any CPU.ActiveCfg = Release|Any CPU
		{55342C4F-A24A-4191-8250-447A47D2BD2E}.Release|Any CPU.Build.0 = Release|Any CPU
	EndGlobalSection
	GlobalSection(SolutionProperties) = preSolution
		HideSolutionNode = FALSE
	EndGlobalSection
	GlobalSection(ExtensibilityGlobals) = postSolution
		SolutionGuid = {8297DD24-3DB9-4F05-B99C-D3021A5A4A2B}
	EndGlobalSection
EndGlobal
