
Microsoft Visual Studio Solution File, Format Version 12.00
# Visual Studio Version 16
VisualStudioVersion = 16.0.31624.102
MinimumVisualStudioVersion = 10.0.40219.1
Project("{9A19103F-16F7-4668-BE54-9A1E7A4F7556}") = "MonsterCardGame", "MonsterCardGame\MonsterCardGame.csproj", "{7C87E618-4067-4228-B3A9-06692A135102}"
EndProject
Project("{FAE04EC0-301F-11D3-BF4B-00C04F79EFBC}") = "MonsterCardGame_TEST", "MonsterCardGame_TEST\MonsterCardGame_TEST.csproj", "{715FC741-8AFB-4BE4-9AC1-42A799F6E76F}"
EndProject
Global
	GlobalSection(SolutionConfigurationPlatforms) = preSolution
		Debug|Any CPU = Debug|Any CPU
		Release|Any CPU = Release|Any CPU
	EndGlobalSection
	GlobalSection(ProjectConfigurationPlatforms) = postSolution
		{7C87E618-4067-4228-B3A9-06692A135102}.Debug|Any CPU.ActiveCfg = Debug|Any CPU
		{7C87E618-4067-4228-B3A9-06692A135102}.Debug|Any CPU.Build.0 = Debug|Any CPU
		{7C87E618-4067-4228-B3A9-06692A135102}.Release|Any CPU.ActiveCfg = Release|Any CPU
		{7C87E618-4067-4228-B3A9-06692A135102}.Release|Any CPU.Build.0 = Release|Any CPU
		{715FC741-8AFB-4BE4-9AC1-42A799F6E76F}.Debug|Any CPU.ActiveCfg = Debug|Any CPU
		{715FC741-8AFB-4BE4-9AC1-42A799F6E76F}.Debug|Any CPU.Build.0 = Debug|Any CPU
		{715FC741-8AFB-4BE4-9AC1-42A799F6E76F}.Release|Any CPU.ActiveCfg = Release|Any CPU
		{715FC741-8AFB-4BE4-9AC1-42A799F6E76F}.Release|Any CPU.Build.0 = Release|Any CPU
	EndGlobalSection
	GlobalSection(SolutionProperties) = preSolution
		HideSolutionNode = FALSE
	EndGlobalSection
	GlobalSection(ExtensibilityGlobals) = postSolution
		SolutionGuid = {8297DD24-3DB9-4F05-B99C-D3021A5A4A2B}
	EndGlobalSection
EndGlobal
